// !$*UTF8*$!
{
	archiveVersion = 1;
	classes = {
	};
	objectVersion = 77;
	objects = {

/* Begin PBXContainerItemProxy section */
		715A1E842D20EA620074B9D5 /* PBXContainerItemProxy */ = {
			isa = PBXContainerItemProxy;
			containerPortal = 715A1E6B2D20EA610074B9D5 /* Project object */;
			proxyType = 1;
			remoteGlobalIDString = 715A1E722D20EA610074B9D5;
			remoteInfo = ClassNotes;
		};
		715A1E8E2D20EA620074B9D5 /* PBXContainerItemProxy */ = {
			isa = PBXContainerItemProxy;
			containerPortal = 715A1E6B2D20EA610074B9D5 /* Project object */;
			proxyType = 1;
			remoteGlobalIDString = 715A1E722D20EA610074B9D5;
			remoteInfo = ClassNotes;
		};
/* End PBXContainerItemProxy section */

/* Begin PBXFileReference section */
		715A1E732D20EA610074B9D5 /* ClassNotes.app */ = {isa = PBXFileReference; explicitFileType = wrapper.application; includeInIndex = 0; path = ClassNotes.app; sourceTree = BUILT_PRODUCTS_DIR; };
		715A1E832D20EA620074B9D5 /* ClassNotesTests.xctest */ = {isa = PBXFileReference; explicitFileType = wrapper.cfbundle; includeInIndex = 0; path = ClassNotesTests.xctest; sourceTree = BUILT_PRODUCTS_DIR; };
		715A1E8D2D20EA620074B9D5 /* ClassNotesUITests.xctest */ = {isa = PBXFileReference; explicitFileType = wrapper.cfbundle; includeInIndex = 0; path = ClassNotesUITests.xctest; sourceTree = BUILT_PRODUCTS_DIR; };
/* End PBXFileReference section */

/* Begin PBXFileSystemSynchronizedRootGroup section */
		715A1E752D20EA610074B9D5 /* ClassNotes */ = {
			isa = PBXFileSystemSynchronizedRootGroup;
			path = ClassNotes;
			sourceTree = "<group>";
		};
		715A1E862D20EA620074B9D5 /* ClassNotesTests */ = {
			isa = PBXFileSystemSynchronizedRootGroup;
			path = ClassNotesTests;
			sourceTree = "<group>";
		};
		715A1E902D20EA620074B9D5 /* ClassNotesUITests */ = {
			isa = PBXFileSystemSynchronizedRootGroup;
			path = ClassNotesUITests;
			sourceTree = "<group>";
		};
/* End PBXFileSystemSynchronizedRootGroup section */

/* Begin PBXFrameworksBuildPhase section */
		715A1E702D20EA610074B9D5 /* Frameworks */ = {
			isa = PBXFrameworksBuildPhase;
			buildActionMask = 2147483647;
			files = (
			);
			runOnlyForDeploymentPostprocessing = 0;
		};
		715A1E802D20EA620074B9D5 /* Frameworks */ = {
			isa = PBXFrameworksBuildPhase;
			buildActionMask = 2147483647;
			files = (
			);
			runOnlyForDeploymentPostprocessing = 0;
		};
		715A1E8A2D20EA620074B9D5 /* Frameworks */ = {
			isa = PBXFrameworksBuildPhase;
			buildActionMask = 2147483647;
			files = (
			);
			runOnlyForDeploymentPostprocessing = 0;
		};
/* End PBXFrameworksBuildPhase section */

/* Begin PBXGroup section */
		715A1E6A2D20EA610074B9D5 = {
			isa = PBXGroup;
			children = (
				715A1E752D20EA610074B9D5 /* ClassNotes */,
				715A1E862D20EA620074B9D5 /* ClassNotesTests */,
				715A1E902D20EA620074B9D5 /* ClassNotesUITests */,
				715A1E742D20EA610074B9D5 /* Products */,
			);
			sourceTree = "<group>";
		};
		715A1E742D20EA610074B9D5 /* Products */ = {
			isa = PBXGroup;
			children = (
				715A1E732D20EA610074B9D5 /* ClassNotes.app */,
				715A1E832D20EA620074B9D5 /* ClassNotesTests.xctest */,
				715A1E8D2D20EA620074B9D5 /* ClassNotesUITests.xctest */,
			);
			name = Products;
			sourceTree = "<group>";
		};
/* End PBXGroup section */

/* Begin PBXNativeTarget section */
		715A1E722D20EA610074B9D5 /* ClassNotes */ = {
			isa = PBXNativeTarget;
			buildConfigurationList = 715A1E972D20EA620074B9D5 /* Build configuration list for PBXNativeTarget "ClassNotes" */;
			buildPhases = (
				715A1E6F2D20EA610074B9D5 /* Sources */,
				715A1E702D20EA610074B9D5 /* Frameworks */,
				715A1E712D20EA610074B9D5 /* Resources */,
			);
			buildRules = (
			);
			dependencies = (
			);
			fileSystemSynchronizedGroups = (
				715A1E752D20EA610074B9D5 /* ClassNotes */,
			);
			name = ClassNotes;
			packageProductDependencies = (
			);
			productName = ClassNotes;
			productReference = 715A1E732D20EA610074B9D5 /* ClassNotes.app */;
			productType = "com.apple.product-type.application";
		};
		715A1E822D20EA620074B9D5 /* ClassNotesTests */ = {
			isa = PBXNativeTarget;
			buildConfigurationList = 715A1E9A2D20EA620074B9D5 /* Build configuration list for PBXNativeTarget "ClassNotesTests" */;
			buildPhases = (
				715A1E7F2D20EA620074B9D5 /* Sources */,
				715A1E802D20EA620074B9D5 /* Frameworks */,
				715A1E812D20EA620074B9D5 /* Resources */,
			);
			buildRules = (
			);
			dependencies = (
				715A1E852D20EA620074B9D5 /* PBXTargetDependency */,
			);
			fileSystemSynchronizedGroups = (
				715A1E862D20EA620074B9D5 /* ClassNotesTests */,
			);
			name = ClassNotesTests;
			packageProductDependencies = (
			);
			productName = ClassNotesTests;
			productReference = 715A1E832D20EA620074B9D5 /* ClassNotesTests.xctest */;
			productType = "com.apple.product-type.bundle.unit-test";
		};
		715A1E8C2D20EA620074B9D5 /* ClassNotesUITests */ = {
			isa = PBXNativeTarget;
			buildConfigurationList = 715A1E9D2D20EA620074B9D5 /* Build configuration list for PBXNativeTarget "ClassNotesUITests" */;
			buildPhases = (
				715A1E892D20EA620074B9D5 /* Sources */,
				715A1E8A2D20EA620074B9D5 /* Frameworks */,
				715A1E8B2D20EA620074B9D5 /* Resources */,
			);
			buildRules = (
			);
			dependencies = (
				715A1E8F2D20EA620074B9D5 /* PBXTargetDependency */,
			);
			fileSystemSynchronizedGroups = (
				715A1E902D20EA620074B9D5 /* ClassNotesUITests */,
			);
			name = ClassNotesUITests;
			packageProductDependencies = (
			);
			productName = ClassNotesUITests;
			productReference = 715A1E8D2D20EA620074B9D5 /* ClassNotesUITests.xctest */;
			productType = "com.apple.product-type.bundle.ui-testing";
		};
/* End PBXNativeTarget section */

/* Begin PBXProject section */
		715A1E6B2D20EA610074B9D5 /* Project object */ = {
			isa = PBXProject;
			attributes = {
				BuildIndependentTargetsInParallel = 1;
				LastSwiftUpdateCheck = 1620;
				LastUpgradeCheck = 1620;
				TargetAttributes = {
					715A1E722D20EA610074B9D5 = {
						CreatedOnToolsVersion = 16.2;
					};
					715A1E822D20EA620074B9D5 = {
						CreatedOnToolsVersion = 16.2;
						TestTargetID = 715A1E722D20EA610074B9D5;
					};
					715A1E8C2D20EA620074B9D5 = {
						CreatedOnToolsVersion = 16.2;
						TestTargetID = 715A1E722D20EA610074B9D5;
					};
				};
			};
			buildConfigurationList = 715A1E6E2D20EA610074B9D5 /* Build configuration list for PBXProject "ClassNotes" */;
			developmentRegion = en;
			hasScannedForEncodings = 0;
			knownRegions = (
				en,
				Base,
			);
			mainGroup = 715A1E6A2D20EA610074B9D5;
			minimizedProjectReferenceProxies = 1;
			preferredProjectObjectVersion = 77;
			productRefGroup = 715A1E742D20EA610074B9D5 /* Products */;
			projectDirPath = "";
			projectRoot = "";
			targets = (
				715A1E722D20EA610074B9D5 /* ClassNotes */,
				715A1E822D20EA620074B9D5 /* ClassNotesTests */,
				715A1E8C2D20EA620074B9D5 /* ClassNotesUITests */,
			);
		};
/* End PBXProject section */

/* Begin PBXResourcesBuildPhase section */
		715A1E712D20EA610074B9D5 /* Resources */ = {
			isa = PBXResourcesBuildPhase;
			buildActionMask = 2147483647;
			files = (
			);
			runOnlyForDeploymentPostprocessing = 0;
		};
		715A1E812D20EA620074B9D5 /* Resources */ = {
			isa = PBXResourcesBuildPhase;
			buildActionMask = 2147483647;
			files = (
			);
			runOnlyForDeploymentPostprocessing = 0;
		};
		715A1E8B2D20EA620074B9D5 /* Resources */ = {
			isa = PBXResourcesBuildPhase;
			buildActionMask = 2147483647;
			files = (
			);
			runOnlyForDeploymentPostprocessing = 0;
		};
/* End PBXResourcesBuildPhase section */

/* Begin PBXSourcesBuildPhase section */
		715A1E6F2D20EA610074B9D5 /* Sources */ = {
			isa = PBXSourcesBuildPhase;
			buildActionMask = 2147483647;
			files = (
			);
			runOnlyForDeploymentPostprocessing = 0;
		};
		715A1E7F2D20EA620074B9D5 /* Sources */ = {
			isa = PBXSourcesBuildPhase;
			buildActionMask = 2147483647;
			files = (
			);
			runOnlyForDeploymentPostprocessing = 0;
		};
		715A1E892D20EA620074B9D5 /* Sources */ = {
			isa = PBXSourcesBuildPhase;
			buildActionMask = 2147483647;
			files = (
			);
			runOnlyForDeploymentPostprocessing = 0;
		};
/* End PBXSourcesBuildPhase section */

/* Begin PBXTargetDependency section */
		715A1E852D20EA620074B9D5 /* PBXTargetDependency */ = {
			isa = PBXTargetDependency;
			target = 715A1E722D20EA610074B9D5 /* ClassNotes */;
			targetProxy = 715A1E842D20EA620074B9D5 /* PBXContainerItemProxy */;
		};
		715A1E8F2D20EA620074B9D5 /* PBXTargetDependency */ = {
			isa = PBXTargetDependency;
			target = 715A1E722D20EA610074B9D5 /* ClassNotes */;
			targetProxy = 715A1E8E2D20EA620074B9D5 /* PBXContainerItemProxy */;
		};
/* End PBXTargetDependency section */

/* Begin XCBuildConfiguration section */
		715A1E952D20EA620074B9D5 /* Debug */ = {
			isa = XCBuildConfiguration;
			buildSettings = {
				ALWAYS_SEARCH_USER_PATHS = NO;
				ASSETCATALOG_COMPILER_GENERATE_SWIFT_ASSET_SYMBOL_EXTENSIONS = YES;
				CLANG_ANALYZER_NONNULL = YES;
				CLANG_ANALYZER_NUMBER_OBJECT_CONVERSION = YES_AGGRESSIVE;
				CLANG_CXX_LANGUAGE_STANDARD = "gnu++20";
				CLANG_ENABLE_MODULES = YES;
				CLANG_ENABLE_OBJC_ARC = YES;
				CLANG_ENABLE_OBJC_WEAK = YES;
				CLANG_WARN_BLOCK_CAPTURE_AUTORELEASING = YES;
				CLANG_WARN_BOOL_CONVERSION = YES;
				CLANG_WARN_COMMA = YES;
				CLANG_WARN_CONSTANT_CONVERSION = YES;
				CLANG_WARN_DEPRECATED_OBJC_IMPLEMENTATIONS = YES;
				CLANG_WARN_DIRECT_OBJC_ISA_USAGE = YES_ERROR;
				CLANG_WARN_DOCUMENTATION_COMMENTS = YES;
				CLANG_WARN_EMPTY_BODY = YES;
				CLANG_WARN_ENUM_CONVERSION = YES;
				CLANG_WARN_INFINITE_RECURSION = YES;
				CLANG_WARN_INT_CONVERSION = YES;
				CLANG_WARN_NON_LITERAL_NULL_CONVERSION = YES;
				CLANG_WARN_OBJC_IMPLICIT_RETAIN_SELF = YES;
				CLANG_WARN_OBJC_LITERAL_CONVERSION = YES;
				CLANG_WARN_OBJC_ROOT_CLASS = YES_ERROR;
				CLANG_WARN_QUOTED_INCLUDE_IN_FRAMEWORK_HEADER = YES;
				CLANG_WARN_RANGE_LOOP_ANALYSIS = YES;
				CLANG_WARN_STRICT_PROTOTYPES = YES;
				CLANG_WARN_SUSPICIOUS_MOVE = YES;
				CLANG_WARN_UNGUARDED_AVAILABILITY = YES_AGGRESSIVE;
				CLANG_WARN_UNREACHABLE_CODE = YES;
				CLANG_WARN__DUPLICATE_METHOD_MATCH = YES;
				COPY_PHASE_STRIP = NO;
				DEBUG_INFORMATION_FORMAT = dwarf;
				ENABLE_STRICT_OBJC_MSGSEND = YES;
				ENABLE_TESTABILITY = YES;
				ENABLE_USER_SCRIPT_SANDBOXING = YES;
				GCC_C_LANGUAGE_STANDARD = gnu17;
				GCC_DYNAMIC_NO_PIC = NO;
				GCC_NO_COMMON_BLOCKS = YES;
				GCC_OPTIMIZATION_LEVEL = 0;
				GCC_PREPROCESSOR_DEFINITIONS = (
					"DEBUG=1",
					"$(inherited)",
				);
				GCC_WARN_64_TO_32_BIT_CONVERSION = YES;
				GCC_WARN_ABOUT_RETURN_TYPE = YES_ERROR;
				GCC_WARN_UNDECLARED_SELECTOR = YES;
				GCC_WARN_UNINITIALIZED_AUTOS = YES_AGGRESSIVE;
				GCC_WARN_UNUSED_FUNCTION = YES;
				GCC_WARN_UNUSED_VARIABLE = YES;
				IPHONEOS_DEPLOYMENT_TARGET = 18.2;
				LOCALIZATION_PREFERS_STRING_CATALOGS = YES;
				MTL_ENABLE_DEBUG_INFO = INCLUDE_SOURCE;
				MTL_FAST_MATH = YES;
				ONLY_ACTIVE_ARCH = YES;
				SDKROOT = iphoneos;
				SWIFT_ACTIVE_COMPILATION_CONDITIONS = "DEBUG $(inherited)";
				SWIFT_OPTIMIZATION_LEVEL = "-Onone";
			};
			name = Debug;
		};
		715A1E962D20EA620074B9D5 /* Release */ = {
			isa = XCBuildConfiguration;
			buildSettings = {
				ALWAYS_SEARCH_USER_PATHS = NO;
				ASSETCATALOG_COMPILER_GENERATE_SWIFT_ASSET_SYMBOL_EXTENSIONS = YES;
				CLANG_ANALYZER_NONNULL = YES;
				CLANG_ANALYZER_NUMBER_OBJECT_CONVERSION = YES_AGGRESSIVE;
				CLANG_CXX_LANGUAGE_STANDARD = "gnu++20";
				CLANG_ENABLE_MODULES = YES;
				CLANG_ENABLE_OBJC_ARC = YES;
				CLANG_ENABLE_OBJC_WEAK = YES;
				CLANG_WARN_BLOCK_CAPTURE_AUTORELEASING = YES;
				CLANG_WARN_BOOL_CONVERSION = YES;
				CLANG_WARN_COMMA = YES;
				CLANG_WARN_CONSTANT_CONVERSION = YES;
				CLANG_WARN_DEPRECATED_OBJC_IMPLEMENTATIONS = YES;
				CLANG_WARN_DIRECT_OBJC_ISA_USAGE = YES_ERROR;
				CLANG_WARN_DOCUMENTATION_COMMENTS = YES;
				CLANG_WARN_EMPTY_BODY = YES;
				CLANG_WARN_ENUM_CONVERSION = YES;
				CLANG_WARN_INFINITE_RECURSION = YES;
				CLANG_WARN_INT_CONVERSION = YES;
				CLANG_WARN_NON_LITERAL_NULL_CONVERSION = YES;
				CLANG_WARN_OBJC_IMPLICIT_RETAIN_SELF = YES;
				CLANG_WARN_OBJC_LITERAL_CONVERSION = YES;
				CLANG_WARN_OBJC_ROOT_CLASS = YES_ERROR;
				CLANG_WARN_QUOTED_INCLUDE_IN_FRAMEWORK_HEADER = YES;
				CLANG_WARN_RANGE_LOOP_ANALYSIS = YES;
				CLANG_WARN_STRICT_PROTOTYPES = YES;
				CLANG_WARN_SUSPICIOUS_MOVE = YES;
				CLANG_WARN_UNGUARDED_AVAILABILITY = YES_AGGRESSIVE;
				CLANG_WARN_UNREACHABLE_CODE = YES;
				CLANG_WARN__DUPLICATE_METHOD_MATCH = YES;
				COPY_PHASE_STRIP = NO;
				DEBUG_INFORMATION_FORMAT = "dwarf-with-dsym";
				ENABLE_NS_ASSERTIONS = NO;
				ENABLE_STRICT_OBJC_MSGSEND = YES;
				ENABLE_USER_SCRIPT_SANDBOXING = YES;
				GCC_C_LANGUAGE_STANDARD = gnu17;
				GCC_NO_COMMON_BLOCKS = YES;
				GCC_WARN_64_TO_32_BIT_CONVERSION = YES;
				GCC_WARN_ABOUT_RETURN_TYPE = YES_ERROR;
				GCC_WARN_UNDECLARED_SELECTOR = YES;
				GCC_WARN_UNINITIALIZED_AUTOS = YES_AGGRESSIVE;
				GCC_WARN_UNUSED_FUNCTION = YES;
				GCC_WARN_UNUSED_VARIABLE = YES;
				IPHONEOS_DEPLOYMENT_TARGET = 18.2;
				LOCALIZATION_PREFERS_STRING_CATALOGS = YES;
				MTL_ENABLE_DEBUG_INFO = NO;
				MTL_FAST_MATH = YES;
				SDKROOT = iphoneos;
				SWIFT_COMPILATION_MODE = wholemodule;
				VALIDATE_PRODUCT = YES;
			};
			name = Release;
		};
		715A1E982D20EA620074B9D5 /* Debug */ = {
			isa = XCBuildConfiguration;
			buildSettings = {
				ASSETCATALOG_COMPILER_APPICON_NAME = AppIcon;
				ASSETCATALOG_COMPILER_GLOBAL_ACCENT_COLOR_NAME = AccentColor;
				CODE_SIGN_STYLE = Automatic;
				CURRENT_PROJECT_VERSION = 1;
				DEVELOPMENT_ASSET_PATHS = "\"ClassNotes/Preview Content\"";
				DEVELOPMENT_TEAM = Y6VBYPU899;
				ENABLE_PREVIEWS = YES;
				GENERATE_INFOPLIST_FILE = YES;
				INFOPLIST_KEY_UIApplicationSceneManifest_Generation = YES;
				INFOPLIST_KEY_UIApplicationSupportsIndirectInputEvents = YES;
				INFOPLIST_KEY_UILaunchScreen_Generation = YES;
				INFOPLIST_KEY_UISupportedInterfaceOrientations_iPad = "UIInterfaceOrientationPortrait UIInterfaceOrientationPortraitUpsideDown UIInterfaceOrientationLandscapeLeft UIInterfaceOrientationLandscapeRight";
				INFOPLIST_KEY_UISupportedInterfaceOrientations_iPhone = "UIInterfaceOrientationPortrait UIInterfaceOrientationLandscapeLeft UIInterfaceOrientationLandscapeRight";
				LD_RUNPATH_SEARCH_PATHS = (
					"$(inherited)",
					"@executable_path/Frameworks",
				);
				MARKETING_VERSION = 1.0;
				PRODUCT_BUNDLE_IDENTIFIER = com.DeepthiM.CampusNote.ClassNotes;
				PRODUCT_NAME = "$(TARGET_NAME)";
				SWIFT_EMIT_LOC_STRINGS = YES;
				SWIFT_VERSION = 5.0;
				TARGETED_DEVICE_FAMILY = "1,2";
			};
			name = Debug;
		};
		715A1E992D20EA620074B9D5 /* Release */ = {
			isa = XCBuildConfiguration;
			buildSettings = {
				ASSETCATALOG_COMPILER_APPICON_NAME = AppIcon;
				ASSETCATALOG_COMPILER_GLOBAL_ACCENT_COLOR_NAME = AccentColor;
				CODE_SIGN_STYLE = Automatic;
				CURRENT_PROJECT_VERSION = 1;
				DEVELOPMENT_ASSET_PATHS = "\"ClassNotes/Preview Content\"";
				DEVELOPMENT_TEAM = Y6VBYPU899;
				ENABLE_PREVIEWS = YES;
				GENERATE_INFOPLIST_FILE = YES;
				INFOPLIST_KEY_UIApplicationSceneManifest_Generation = YES;
				INFOPLIST_KEY_UIApplicationSupportsIndirectInputEvents = YES;
				INFOPLIST_KEY_UILaunchScreen_Generation = YES;
				INFOPLIST_KEY_UISupportedInterfaceOrientations_iPad = "UIInterfaceOrientationPortrait UIInterfaceOrientationPortraitUpsideDown UIInterfaceOrientationLandscapeLeft UIInterfaceOrientationLandscapeRight";
				INFOPLIST_KEY_UISupportedInterfaceOrientations_iPhone = "UIInterfaceOrientationPortrait UIInterfaceOrientationLandscapeLeft UIInterfaceOrientationLandscapeRight";
				LD_RUNPATH_SEARCH_PATHS = (
					"$(inherited)",
					"@executable_path/Frameworks",
				);
				MARKETING_VERSION = 1.0;
				PRODUCT_BUNDLE_IDENTIFIER = com.DeepthiM.CampusNote.ClassNotes;
				PRODUCT_NAME = "$(TARGET_NAME)";
				SWIFT_EMIT_LOC_STRINGS = YES;
				SWIFT_VERSION = 5.0;
				TARGETED_DEVICE_FAMILY = "1,2";
			};
			name = Release;
		};
		715A1E9B2D20EA620074B9D5 /* Debug */ = {
			isa = XCBuildConfiguration;
			buildSettings = {
				BUNDLE_LOADER = "$(TEST_HOST)";
				CODE_SIGN_STYLE = Automatic;
				CURRENT_PROJECT_VERSION = 1;
				DEVELOPMENT_TEAM = Y6VBYPU899;
				GENERATE_INFOPLIST_FILE = YES;
				IPHONEOS_DEPLOYMENT_TARGET = 18.2;
				MARKETING_VERSION = 1.0;
				PRODUCT_BUNDLE_IDENTIFIER = com.DeepthiM.CampusNote.ClassNotesTests;
				PRODUCT_NAME = "$(TARGET_NAME)";
				SWIFT_EMIT_LOC_STRINGS = NO;
				SWIFT_VERSION = 5.0;
				TARGETED_DEVICE_FAMILY = "1,2";
				TEST_HOST = "$(BUILT_PRODUCTS_DIR)/ClassNotes.app/$(BUNDLE_EXECUTABLE_FOLDER_PATH)/ClassNotes";
			};
			name = Debug;
		};
		715A1E9C2D20EA620074B9D5 /* Release */ = {
			isa = XCBuildConfiguration;
			buildSettings = {
				BUNDLE_LOADER = "$(TEST_HOST)";
				CODE_SIGN_STYLE = Automatic;
				CURRENT_PROJECT_VERSION = 1;
				DEVELOPMENT_TEAM = Y6VBYPU899;
				GENERATE_INFOPLIST_FILE = YES;
				IPHONEOS_DEPLOYMENT_TARGET = 18.2;
				MARKETING_VERSION = 1.0;
				PRODUCT_BUNDLE_IDENTIFIER = com.DeepthiM.CampusNote.ClassNotesTests;
				PRODUCT_NAME = "$(TARGET_NAME)";
				SWIFT_EMIT_LOC_STRINGS = NO;
				SWIFT_VERSION = 5.0;
				TARGETED_DEVICE_FAMILY = "1,2";
				TEST_HOST = "$(BUILT_PRODUCTS_DIR)/ClassNotes.app/$(BUNDLE_EXECUTABLE_FOLDER_PATH)/ClassNotes";
			};
			name = Release;
		};
		715A1E9E2D20EA620074B9D5 /* Debug */ = {
			isa = XCBuildConfiguration;
			buildSettings = {
				CODE_SIGN_STYLE = Automatic;
				CURRENT_PROJECT_VERSION = 1;
				DEVELOPMENT_TEAM = Y6VBYPU899;
				GENERATE_INFOPLIST_FILE = YES;
				MARKETING_VERSION = 1.0;
				PRODUCT_BUNDLE_IDENTIFIER = com.DeepthiM.CampusNote.ClassNotesUITests;
				PRODUCT_NAME = "$(TARGET_NAME)";
				SWIFT_EMIT_LOC_STRINGS = NO;
				SWIFT_VERSION = 5.0;
				TARGETED_DEVICE_FAMILY = "1,2";
				TEST_TARGET_NAME = ClassNotes;
			};
			name = Debug;
		};
		715A1E9F2D20EA620074B9D5 /* Release */ = {
			isa = XCBuildConfiguration;
			buildSettings = {
				CODE_SIGN_STYLE = Automatic;
				CURRENT_PROJECT_VERSION = 1;
				DEVELOPMENT_TEAM = Y6VBYPU899;
				GENERATE_INFOPLIST_FILE = YES;
				MARKETING_VERSION = 1.0;
				PRODUCT_BUNDLE_IDENTIFIER = com.DeepthiM.CampusNote.ClassNotesUITests;
				PRODUCT_NAME = "$(TARGET_NAME)";
				SWIFT_EMIT_LOC_STRINGS = NO;
				SWIFT_VERSION = 5.0;
				TARGETED_DEVICE_FAMILY = "1,2";
				TEST_TARGET_NAME = ClassNotes;
			};
			name = Release;
		};
/* End XCBuildConfiguration section */

/* Begin XCConfigurationList section */
		715A1E6E2D20EA610074B9D5 /* Build configuration list for PBXProject "ClassNotes" */ = {
			isa = XCConfigurationList;
			buildConfigurations = (
				715A1E952D20EA620074B9D5 /* Debug */,
				715A1E962D20EA620074B9D5 /* Release */,
			);
			defaultConfigurationIsVisible = 0;
			defaultConfigurationName = Release;
		};
		715A1E972D20EA620074B9D5 /* Build configuration list for PBXNativeTarget "ClassNotes" */ = {
			isa = XCConfigurationList;
			buildConfigurations = (
				715A1E982D20EA620074B9D5 /* Debug */,
				715A1E992D20EA620074B9D5 /* Release */,
			);
			defaultConfigurationIsVisible = 0;
			defaultConfigurationName = Release;
		};
		715A1E9A2D20EA620074B9D5 /* Build configuration list for PBXNativeTarget "ClassNotesTests" */ = {
			isa = XCConfigurationList;
			buildConfigurations = (
				715A1E9B2D20EA620074B9D5 /* Debug */,
				715A1E9C2D20EA620074B9D5 /* Release */,
			);
			defaultConfigurationIsVisible = 0;
			defaultConfigurationName = Release;
		};
		715A1E9D2D20EA620074B9D5 /* Build configuration list for PBXNativeTarget "ClassNotesUITests" */ = {
			isa = XCConfigurationList;
			buildConfigurations = (
				715A1E9E2D20EA620074B9D5 /* Debug */,
				715A1E9F2D20EA620074B9D5 /* Release */,
			);
			defaultConfigurationIsVisible = 0;
			defaultConfigurationName = Release;
		};
/* End XCConfigurationList section */
	};
	rootObject = 715A1E6B2D20EA610074B9D5 /* Project object */;
}
